
Microsoft Visual Studio Solution File, Format Version 9.00
# Visual Studio 2005
Project("{8BC9CEB8-8B4A-11D0-8D11-00A0C91BC942}") = "Decoder", "Decoder.vcproj", "{11F12B71-BF69-401B-B6E9-5B7488875DEF}"
	ProjectSection(WebsiteProperties) = preProject
		Debug.AspNetCompiler.Debug = "True"
		Release.AspNetCompiler.Debug = "False"
	EndProjectSection
EndProject
Global
	GlobalSection(SolutionConfigurationPlatforms) = preSolution
		Debug|Win32 = Debug|Win32
		Release|Win32 = Release|Win32
	EndGlobalSection
	GlobalSection(ProjectConfigurationPlatforms) = postSolution
		{11F12B71-BF69-401B-B6E9-5B7488875DEF}.Debug|Win32.ActiveCfg = Debug|Win32
		{11F12B71-BF69-401B-B6E9-5B7488875DEF}.Debug|Win32.Build.0 = Debug|Win32
		{11F12B71-BF69-401B-B6E9-5B7488875DEF}.Release|Win32.ActiveCfg = Release|Win32
		{11F12B71-BF69-401B-B6E9-5B7488875DEF}.Release|Win32.Build.0 = Release|Win32
	EndGlobalSection
	GlobalSection(SolutionProperties) = preSolution
		HideSolutionNode = FALSE
	EndGlobalSection
EndGlobal
